Microsoft Visual Studio Solution File, Format Version 12.00
# Visual Studio Version 17
VisualStudioVersion = 17.5.2.0
MinimumVisualStudioVersion = 10.0.40219.1
Project("{FAE04EC0-301F-11D3-BF4B-00C04F79EFBC}") = "CustomMapRegions", "CustomMapRegions.csproj", "{3ADF9880-1B95-4B08-8C64-D9826791E16D}"
EndProject
Global
	GlobalSection(SolutionConfigurationPlatforms) = preSolution
		Debug|Any CPU = Debug|Any CPU
		Release|Any CPU = Release|Any CPU
	EndGlobalSection
	GlobalSection(ProjectConfigurationPlatforms) = postSolution
		{3ADF9880-1B95-4B08-8C64-D9826791E16D}.Debug|Any CPU.ActiveCfg = Debug|Any CPU
		{3ADF9880-1B95-4B08-8C64-D9826791E16D}.Debug|Any CPU.Build.0 = Debug|Any CPU
		{3ADF9880-1B95-4B08-8C64-D9826791E16D}.Release|Any CPU.ActiveCfg = Release|Any CPU
		{3ADF9880-1B95-4B08-8C64-D9826791E16D}.Release|Any CPU.Build.0 = Release|Any CPU
	EndGlobalSection
	GlobalSection(SolutionProperties) = preSolution
		HideSolutionNode = FALSE
	EndGlobalSection
	GlobalSection(ExtensibilityGlobals) = postSolution
		SolutionGuid = {6B9F960F-D983-4F29-BCE2-A77C37370AD2}
	EndGlobalSection
EndGlobal
